<?xml version="1.0" encoding="UTF-8"?>
<!DOCTYPE plist PUBLIC "-//Apple//DTD PLIST 1.0//EN" "http://www.apple.com/DTDs/PropertyList-1.0.dtd">
<plist version="1.0">
<dict>
	<key>archiveVersion</key>
	<string>1</string>
	<key>classes</key>
	<dict/>
	<key>objectVersion</key>
	<string>46</string>
	<key>objects</key>
	<dict>
		<key>0E5D37EBCEEE489FB9302046</key>
		<dict>
			<key>includeInIndex</key>
			<string>1</string>
			<key>isa</key>
			<string>PBXFileReference</string>
			<key>lastKnownFileType</key>
			<string>sourcecode.c.h</string>
			<key>name</key>
			<string>Stubs.h</string>
			<key>path</key>
			<string>ib.xcodeproj/Stubs.h</string>
			<key>sourceTree</key>
			<string>SOURCE_ROOT</string>
		</dict>
		<key>10011CF2D0B9402F8D899981</key>
		<dict>
			<key>attributes</key>
			<dict>
				<key>LastUpgradeCheck</key>
				<string>0450</string>
			</dict>
			<key>buildConfigurationList</key>
			<string>9FC090669FF94C0597DF95A3</string>
			<key>compatibilityVersion</key>
			<string>Xcode 3.2</string>
			<key>developmentRegion</key>
			<string>English</string>
			<key>hasScannedForEncodings</key>
			<string>0</string>
			<key>isa</key>
			<string>PBXProject</string>
			<key>knownRegions</key>
			<array>
				<string>en</string>
			</array>
			<key>mainGroup</key>
			<string>F493D88E34ED415F981ADC80</string>
			<key>productRefGroup</key>
			<string>6FFB93531DD543349528A465</string>
			<key>projectReferences</key>
			<array/>
			<key>targets</key>
			<array>
				<string>F7E4759643B649B0A2EAFAB5</string>
			</array>
		</dict>
		<key>3FAD5006324245439028E8AE</key>
		<dict>
			<key>children</key>
			<array>
				<string>5D3CC2881DBD42CAAB6EF4EB</string>
			</array>
			<key>isa</key>
			<string>PBXGroup</string>
			<key>name</key>
			<string>Resources</string>
			<key>path</key>
			<string>resources</string>
			<key>sourceTree</key>
			<string>&lt;group&gt;</string>
		</dict>
		<key>4867D58C84354D958EC97B40</key>
		<dict>
			<key>buildConfigurations</key>
			<array>
				<string>D7412B3ADA554E09845AFEDF</string>
				<string>7C77876477354140BAD6A0F7</string>
			</array>
			<key>defaultConfigurationIsVisible</key>
			<string>0</string>
			<key>defaultConfigurationName</key>
			<string>Release</string>
			<key>isa</key>
			<string>XCConfigurationList</string>
		</dict>
		<key>4ABBA05EDD3242DFABDBF3CA</key>
		<dict>
			<key>buildSettings</key>
			<dict/>
			<key>isa</key>
			<string>XCBuildConfiguration</string>
			<key>name</key>
			<string>Release</string>
		</dict>
		<key>4AE55306ED504427A9075105</key>
		<dict>
			<key>children</key>
			<array>
				<string>C23A1D30B9F74AC099C15A0D</string>
				<string>58152547B534440A9721179A</string>
				<string>C6ABC01EAC1C43BFA69DBDBF</string>
				<string>D1D392E515044FE39E8BA2E9</string>
			</array>
			<key>isa</key>
			<string>PBXGroup</string>
			<key>name</key>
			<string>Frameworks</string>
			<key>sourceTree</key>
			<string>&lt;group&gt;</string>
		</dict>
		<key>58152547B534440A9721179A</key>
		<dict>
			<key>includeInIndex</key>
			<string>1</string>
			<key>isa</key>
			<string>PBXFileReference</string>
			<key>lastKnownFileType</key>
			<string>wrapper.framework</string>
			<key>name</key>
			<string>QuartzCore.framework</string>
			<key>path</key>
			<string>Platforms/iPhoneOS.platform/Developer/SDKs/iPhoneOS6.0.sdk/System/Library/Frameworks/QuartzCore.framework</string>
			<key>sourceTree</key>
			<string>DEVELOPER_DIR</string>
		</dict>
		<key>5B5592C25F3A4F1582E59C16</key>
		<dict>
			<key>children</key>
			<array/>
			<key>isa</key>
			<string>PBXGroup</string>
			<key>name</key>
			<string>Pods</string>
			<key>path</key>
			<string>vendor/Pods/Headers</string>
			<key>sourceTree</key>
			<string>&lt;group&gt;</string>
		</dict>
		<key>5D3CC2881DBD42CAAB6EF4EB</key>
		<dict>
			<key>includeInIndex</key>
			<string>1</string>
			<key>isa</key>
			<string>PBXFileReference</string>
			<key>name</key>
			<string>SuperWall-ios.storyboard</string>
			<key>path</key>
			<string>resources/SuperWall-ios.storyboard</string>
			<key>sourceTree</key>
			<string>SOURCE_ROOT</string>
		</dict>
		<key>6C51EE6D8D604E548FBAF1D3</key>
		<dict>
			<key>fileRef</key>
			<string>C23A1D30B9F74AC099C15A0D</string>
			<key>isa</key>
			<string>PBXBuildFile</string>
			<key>settings</key>
			<dict/>
		</dict>
		<key>6FFB93531DD543349528A465</key>
		<dict>
			<key>children</key>
			<array>
				<string>7ACA24BF9C4B4A52B3ED50C2</string>
			</array>
			<key>isa</key>
			<string>PBXGroup</string>
			<key>name</key>
			<string>Products</string>
			<key>sourceTree</key>
			<string>&lt;group&gt;</string>
		</dict>
		<key>7ACA24BF9C4B4A52B3ED50C2</key>
		<dict>
			<key>explicitFileType</key>
			<string>archive.ar</string>
			<key>includeInIndex</key>
			<string>0</string>
			<key>isa</key>
			<string>PBXFileReference</string>
			<key>name</key>
			<string>libib.a</string>
			<key>path</key>
			<string>libib.a</string>
			<key>sourceTree</key>
			<string>BUILT_PRODUCTS_DIR</string>
		</dict>
		<key>7C77876477354140BAD6A0F7</key>
		<dict>
			<key>buildSettings</key>
			<dict>
				<key>ALWAYS_SEARCH_USER_PATHS</key>
				<string>NO</string>
				<key>ARCHS</key>
				<string>$(ARCHS_STANDARD_32_BIT)</string>
				<key>COPY_PHASE_STRIP</key>
				<string>NO</string>
				<key>DSTROOT</key>
				<string>/tmp/xcodeproj.dst</string>
				<key>GCC_C_LANGUAGE_STANDARD</key>
				<string>gnu99</string>
				<key>GCC_DYNAMIC_NO_PIC</key>
				<string>NO</string>
				<key>GCC_OPTIMIZATION_LEVEL</key>
				<string>0</string>
				<key>GCC_PRECOMPILE_PREFIX_HEADER</key>
				<string>YES</string>
				<key>GCC_PREPROCESSOR_DEFINITIONS</key>
				<array>
					<string>DEBUG=1</string>
					<string>$(inherited)</string>
				</array>
				<key>GCC_SYMBOLS_PRIVATE_EXTERN</key>
				<string>NO</string>
				<key>GCC_VERSION</key>
				<string>com.apple.compilers.llvm.clang.1_0</string>
				<key>INSTALL_PATH</key>
				<string>$(BUILT_PRODUCTS_DIR)</string>
				<key>IPHONEOS_DEPLOYMENT_TARGET</key>
				<string>4.3</string>
				<key>OTHER_LDFLAGS</key>
				<string></string>
				<key>PRODUCT_NAME</key>
				<string>$(TARGET_NAME)</string>
				<key>PUBLIC_HEADERS_FOLDER_PATH</key>
				<string>$(TARGET_NAME)</string>
				<key>SDKROOT</key>
				<string>iphoneos</string>
				<key>SKIP_INSTALL</key>
				<string>YES</string>
			</dict>
			<key>isa</key>
			<string>XCBuildConfiguration</string>
			<key>name</key>
			<string>Debug</string>
		</dict>
		<key>9AD17B23184147E5A6D4B746</key>
		<dict>
			<key>buildActionMask</key>
			<string>2147483647</string>
			<key>files</key>
			<array>
				<string>AE0F299D30C54DCDA34CC6F1</string>
			</array>
			<key>isa</key>
			<string>PBXSourcesBuildPhase</string>
			<key>runOnlyForDeploymentPostprocessing</key>
			<string>0</string>
		</dict>
		<key>9FC090669FF94C0597DF95A3</key>
		<dict>
			<key>buildConfigurations</key>
			<array>
				<string>4ABBA05EDD3242DFABDBF3CA</string>
				<string>E29EB1BF2B254DADBB6E4C28</string>
			</array>
			<key>defaultConfigurationIsVisible</key>
			<string>0</string>
			<key>defaultConfigurationName</key>
			<string>Release</string>
			<key>isa</key>
			<string>XCConfigurationList</string>
		</dict>
		<key>A784EB9C85A14C65AA60539F</key>
		<dict>
			<key>buildActionMask</key>
			<string>2147483647</string>
			<key>files</key>
			<array>
				<string>6C51EE6D8D604E548FBAF1D3</string>
			</array>
			<key>isa</key>
			<string>PBXFrameworksBuildPhase</string>
			<key>runOnlyForDeploymentPostprocessing</key>
			<string>0</string>
		</dict>
		<key>AE0F299D30C54DCDA34CC6F1</key>
		<dict>
			<key>fileRef</key>
			<string>E1EE6CCCB3F845D9994ADB1B</string>
			<key>isa</key>
			<string>PBXBuildFile</string>
			<key>settings</key>
			<dict/>
		</dict>
		<key>C23A1D30B9F74AC099C15A0D</key>
		<dict>
			<key>includeInIndex</key>
			<string>1</string>
			<key>isa</key>
			<string>PBXFileReference</string>
			<key>lastKnownFileType</key>
			<string>wrapper.framework</string>
			<key>name</key>
			<string>Foundation.framework</string>
			<key>path</key>
			<string>Platforms/iPhoneOS.platform/Developer/SDKs/iPhoneOS6.0.sdk/System/Library/Frameworks/Foundation.framework</string>
			<key>sourceTree</key>
			<string>DEVELOPER_DIR</string>
		</dict>
		<key>C6ABC01EAC1C43BFA69DBDBF</key>
		<dict>
			<key>includeInIndex</key>
			<string>1</string>
			<key>isa</key>
			<string>PBXFileReference</string>
			<key>lastKnownFileType</key>
			<string>wrapper.framework</string>
			<key>name</key>
			<string>CoreGraphics.framework</string>
			<key>path</key>
			<string>Platforms/iPhoneOS.platform/Developer/SDKs/iPhoneOS6.0.sdk/System/Library/Frameworks/CoreGraphics.framework</string>
			<key>sourceTree</key>
			<string>DEVELOPER_DIR</string>
		</dict>
		<key>D1D392E515044FE39E8BA2E9</key>
		<dict>
			<key>includeInIndex</key>
			<string>1</string>
			<key>isa</key>
			<string>PBXFileReference</string>
			<key>lastKnownFileType</key>
			<string>wrapper.framework</string>
			<key>name</key>
			<string>CoreData.framework</string>
			<key>path</key>
			<string>Platforms/iPhoneOS.platform/Developer/SDKs/iPhoneOS6.0.sdk/System/Library/Frameworks/CoreData.framework</string>
			<key>sourceTree</key>
			<string>DEVELOPER_DIR</string>
		</dict>
		<key>D7412B3ADA554E09845AFEDF</key>
		<dict>
			<key>buildSettings</key>
			<dict>
				<key>ALWAYS_SEARCH_USER_PATHS</key>
				<string>NO</string>
				<key>ARCHS</key>
				<string>$(ARCHS_STANDARD_32_BIT)</string>
				<key>COPY_PHASE_STRIP</key>
				<string>YES</string>
				<key>DSTROOT</key>
				<string>/tmp/xcodeproj.dst</string>
				<key>GCC_C_LANGUAGE_STANDARD</key>
				<string>gnu99</string>
				<key>GCC_PRECOMPILE_PREFIX_HEADER</key>
				<string>YES</string>
				<key>GCC_VERSION</key>
				<string>com.apple.compilers.llvm.clang.1_0</string>
				<key>INSTALL_PATH</key>
				<string>$(BUILT_PRODUCTS_DIR)</string>
				<key>IPHONEOS_DEPLOYMENT_TARGET</key>
				<string>4.3</string>
				<key>OTHER_LDFLAGS</key>
				<string></string>
				<key>PRODUCT_NAME</key>
				<string>$(TARGET_NAME)</string>
				<key>PUBLIC_HEADERS_FOLDER_PATH</key>
				<string>$(TARGET_NAME)</string>
				<key>SDKROOT</key>
				<string>iphoneos</string>
				<key>SKIP_INSTALL</key>
				<string>YES</string>
				<key>VALIDATE_PRODUCT</key>
				<string>YES</string>
			</dict>
			<key>isa</key>
			<string>XCBuildConfiguration</string>
			<key>name</key>
			<string>Release</string>
		</dict>
		<key>DD4584D3F19E4A9CA0F6F8F4</key>
		<dict>
			<key>children</key>
			<array>
				<string>0E5D37EBCEEE489FB9302046</string>
				<string>E1EE6CCCB3F845D9994ADB1B</string>
			</array>
			<key>isa</key>
			<string>PBXGroup</string>
			<key>name</key>
			<string>Supporting Files</string>
			<key>path</key>
			<string>ib.xcodeproj</string>
			<key>sourceTree</key>
			<string>&lt;group&gt;</string>
		</dict>
		<key>E1EE6CCCB3F845D9994ADB1B</key>
		<dict>
			<key>includeInIndex</key>
			<string>1</string>
			<key>isa</key>
			<string>PBXFileReference</string>
			<key>lastKnownFileType</key>
			<string>sourcecode.c.objc</string>
			<key>name</key>
			<string>Stubs.m</string>
			<key>path</key>
			<string>ib.xcodeproj/Stubs.m</string>
			<key>sourceTree</key>
			<string>SOURCE_ROOT</string>
		</dict>
		<key>E29EB1BF2B254DADBB6E4C28</key>
		<dict>
			<key>buildSettings</key>
			<dict/>
			<key>isa</key>
			<string>XCBuildConfiguration</string>
			<key>name</key>
			<string>Debug</string>
		</dict>
		<key>F493D88E34ED415F981ADC80</key>
		<dict>
			<key>children</key>
			<array>
				<string>6FFB93531DD543349528A465</string>
				<string>4AE55306ED504427A9075105</string>
				<string>3FAD5006324245439028E8AE</string>
				<string>DD4584D3F19E4A9CA0F6F8F4</string>
				<string>5B5592C25F3A4F1582E59C16</string>
			</array>
			<key>isa</key>
			<string>PBXGroup</string>
			<key>sourceTree</key>
			<string>&lt;group&gt;</string>
		</dict>
		<key>F7E4759643B649B0A2EAFAB5</key>
		<dict>
			<key>buildConfigurationList</key>
			<string>4867D58C84354D958EC97B40</string>
			<key>buildPhases</key>
			<array>
				<string>9AD17B23184147E5A6D4B746</string>
				<string>A784EB9C85A14C65AA60539F</string>
			</array>
			<key>buildRules</key>
			<array/>
			<key>dependencies</key>
			<array/>
			<key>isa</key>
			<string>PBXNativeTarget</string>
			<key>name</key>
			<string>ib</string>
			<key>productName</key>
			<string>ib</string>
			<key>productReference</key>
			<string>7ACA24BF9C4B4A52B3ED50C2</string>
			<key>productType</key>
			<string>com.apple.product-type.library.static</string>
		</dict>
	</dict>
	<key>rootObject</key>
	<string>10011CF2D0B9402F8D899981</string>
</dict>
</plist>
